
Microsoft Visual Studio Solution File, Format Version 12.00
# Visual Studio Version 16
VisualStudioVersion = 16.0.30907.101
MinimumVisualStudioVersion = 10.0.40219.1
Project("{FAE04EC0-301F-11D3-BF4B-00C04F79EFBC}") = "RiotAPIWrapper", "RiotAPIWrapper.csproj", "{AAA66F12-F0DB-4E4C-9270-FC10034E9495}"
EndProject
Global
	GlobalSection(SolutionConfigurationPlatforms) = preSolution
		Debug|Any CPU = Debug|Any CPU
		Release|Any CPU = Release|Any CPU
	EndGlobalSection
	GlobalSection(ProjectConfigurationPlatforms) = postSolution
		{AAA66F12-F0DB-4E4C-9270-FC10034E9495}.Debug|Any CPU.ActiveCfg = Debug|Any CPU
		{AAA66F12-F0DB-4E4C-9270-FC10034E9495}.Debug|Any CPU.Build.0 = Debug|Any CPU
		{AAA66F12-F0DB-4E4C-9270-FC10034E9495}.Release|Any CPU.ActiveCfg = Release|Any CPU
		{AAA66F12-F0DB-4E4C-9270-FC10034E9495}.Release|Any CPU.Build.0 = Release|Any CPU
	EndGlobalSection
	GlobalSection(SolutionProperties) = preSolution
		HideSolutionNode = FALSE
	EndGlobalSection
	GlobalSection(ExtensibilityGlobals) = postSolution
		SolutionGuid = {410FC305-744E-4AB4-9AC2-A63134FC9DBF}
	EndGlobalSection
EndGlobal
